
Microsoft Visual Studio Solution File, Format Version 12.00
# Visual Studio Version 17
VisualStudioVersion = 17.14.36310.24 d17.14
MinimumVisualStudioVersion = 10.0.40219.1
Project("{FAE04EC0-301F-11D3-BF4B-00C04F79EFBC}") = "8) Parcel Shipping Estimator", "8) Parcel Shipping Estimator.csproj", "{B38DDD8A-D0F5-4CEB-9F43-4B1C37AFCB2D}"
EndProject
Global
	GlobalSection(SolutionConfigurationPlatforms) = preSolution
		Debug|Any CPU = Debug|Any CPU
		Release|Any CPU = Release|Any CPU
	EndGlobalSection
	GlobalSection(ProjectConfigurationPlatforms) = postSolution
		{B38DDD8A-D0F5-4CEB-9F43-4B1C37AFCB2D}.Debug|Any CPU.ActiveCfg = Debug|Any CPU
		{B38DDD8A-D0F5-4CEB-9F43-4B1C37AFCB2D}.Debug|Any CPU.Build.0 = Debug|Any CPU
		{B38DDD8A-D0F5-4CEB-9F43-4B1C37AFCB2D}.Release|Any CPU.ActiveCfg = Release|Any CPU
		{B38DDD8A-D0F5-4CEB-9F43-4B1C37AFCB2D}.Release|Any CPU.Build.0 = Release|Any CPU
	EndGlobalSection
	GlobalSection(SolutionProperties) = preSolution
		HideSolutionNode = FALSE
	EndGlobalSection
	GlobalSection(ExtensibilityGlobals) = postSolution
		SolutionGuid = {B73CDF29-D452-4143-B174-6005BECDE692}
	EndGlobalSection
EndGlobal
